{
  "name": "bepnhamenic.github.io",
  "version": "1.0.0",
  "lockfileVersion": 1,
  "requires": true,
  "dependencies": {
    "@types/jquery": {
      "version": "3.5.1",
      "resolved": "https://registry.npmjs.org/@types/jquery/-/jquery-3.5.1.tgz",
      "integrity": "sha512-Tyctjh56U7eX2b9udu3wG853ASYP0uagChJcQJXLUXEU6C/JiW5qt5dl8ao01VRj1i5pgXPAf8f1mq4+FDLRQg==",
      "dev": true,
      "requires": {
        "@types/sizzle": "*"
      }
    },
    "@types/materialize-css": {
      "version": "1.0.11",
      "resolved": "https://registry.npmjs.org/@types/materialize-css/-/materialize-css-1.0.11.tgz",
      "integrity": "sha512-V7/jSwuq6QrWAjzA2dkZhlqzrrcxcjB+RDfwhw8CosNYZgb+FaAJmmB6t7CT7SRFNRRSxG839e6iK32Vq6sZrQ==",
      "dev": true,
      "requires": {
        "@types/jquery": "*",
        "cash-dom": "*"
      }
    },
    "@types/sizzle": {
      "version": "2.3.2",
      "resolved": "https://registry.npmjs.org/@types/sizzle/-/sizzle-2.3.2.tgz",
      "integrity": "sha512-7EJYyKTL7tFR8+gDbB6Wwz/arpGa0Mywk1TJbNzKzHtzbwVmY4HR9WqS5VV7dsBUKQmPNr192jHr/VpBluj/hg==",
      "dev": true
    },
    "cash-dom": {
      "version": "8.1.1",
      "resolved": "https://registry.npmjs.org/cash-dom/-/cash-dom-8.1.1.tgz",
      "integrity": "sha512-aMESow+8m7EuifAeNhpnRHQHN8O24gGeiR53lebD5ShBCisBCoB4y5BBe9pGXtTPP6b1qCp90W9HaaUARyc16Q==",
      "dev": true
    }
  }
}
